// !$*UTF8*$!
{
	archiveVersion = 1;
	classes = {
	};
	objectVersion = 50;
	objects = {

/* Begin PBXBuildFile section */
		59FA40CC287FEC8F0010B594 /* AppDelegate.swift in Sources */ = {isa = PBXBuildFile; fileRef = 59FA40CB287FEC8F0010B594 /* AppDelegate.swift */; };
		59FA40CE287FEC8F0010B594 /* SceneDelegate.swift in Sources */ = {isa = PBXBuildFile; fileRef = 59FA40CD287FEC8F0010B594 /* SceneDelegate.swift */; };
		59FA40D0287FEC8F0010B594 /* ContentView.swift in Sources */ = {isa = PBXBuildFile; fileRef = 59FA40CF287FEC8F0010B594 /* ContentView.swift */; };
		59FA40D2287FEC930010B594 /* Assets.xcassets in Resources */ = {isa = PBXBuildFile; fileRef = 59FA40D1287FEC930010B594 /* Assets.xcassets */; };
		59FA40D5287FEC930010B594 /* Preview Assets.xcassets in Resources */ = {isa = PBXBuildFile; fileRef = 59FA40D4287FEC930010B594 /* Preview Assets.xcassets */; };
		59FA40D8287FEC930010B594 /* LaunchScreen.storyboard in Resources */ = {isa = PBXBuildFile; fileRef = 59FA40D6287FEC930010B594 /* LaunchScreen.storyboard */; };
/* End PBXBuildFile section */

/* Begin PBXFileReference section */
		59FA40C8287FEC8F0010B594 /* Choose the flag game (Ian Solomein's Practice 2).app */ = {isa = PBXFileReference; explicitFileType = wrapper.application; includeInIndex = 0; path = "Choose the flag game (Ian Solomein's Practice 2).app"; sourceTree = BUILT_PRODUCTS_DIR; };
		59FA40CB287FEC8F0010B594 /* AppDelegate.swift */ = {isa = PBXFileReference; lastKnownFileType = sourcecode.swift; path = AppDelegate.swift; sourceTree = "<group>"; };
		59FA40CD287FEC8F0010B594 /* SceneDelegate.swift */ = {isa = PBXFileReference; lastKnownFileType = sourcecode.swift; path = SceneDelegate.swift; sourceTree = "<group>"; };
		59FA40CF287FEC8F0010B594 /* ContentView.swift */ = {isa = PBXFileReference; lastKnownFileType = sourcecode.swift; path = ContentView.swift; sourceTree = "<group>"; };
		59FA40D1287FEC930010B594 /* Assets.xcassets */ = {isa = PBXFileReference; lastKnownFileType = folder.assetcatalog; path = Assets.xcassets; sourceTree = "<group>"; };
		59FA40D4287FEC930010B594 /* Preview Assets.xcassets */ = {isa = PBXFileReference; lastKnownFileType = folder.assetcatalog; path = "Preview Assets.xcassets"; sourceTree = "<group>"; };
		59FA40D7287FEC930010B594 /* Base */ = {isa = PBXFileReference; lastKnownFileType = file.storyboard; name = Base; path = Base.lproj/LaunchScreen.storyboard; sourceTree = "<group>"; };
		59FA40D9287FEC940010B594 /* Info.plist */ = {isa = PBXFileReference; lastKnownFileType = text.plist.xml; path = Info.plist; sourceTree = "<group>"; };
/* End PBXFileReference section */

/* Begin PBXFrameworksBuildPhase section */
		59FA40C5287FEC8F0010B594 /* Frameworks */ = {
			isa = PBXFrameworksBuildPhase;
			buildActionMask = 2147483647;
			files = (
			);
			runOnlyForDeploymentPostprocessing = 0;
		};
/* End PBXFrameworksBuildPhase section */

/* Begin PBXGroup section */
		59FA40BF287FEC8F0010B594 = {
			isa = PBXGroup;
			children = (
				59FA40CA287FEC8F0010B594 /* Choose the flag game (Ian Solomein's Practice 2) */,
				59FA40C9287FEC8F0010B594 /* Products */,
			);
			sourceTree = "<group>";
		};
		59FA40C9287FEC8F0010B594 /* Products */ = {
			isa = PBXGroup;
			children = (
				59FA40C8287FEC8F0010B594 /* Choose the flag game (Ian Solomein's Practice 2).app */,
			);
			name = Products;
			sourceTree = "<group>";
		};
		59FA40CA287FEC8F0010B594 /* Choose the flag game (Ian Solomein's Practice 2) */ = {
			isa = PBXGroup;
			children = (
				59FA40CB287FEC8F0010B594 /* AppDelegate.swift */,
				59FA40CD287FEC8F0010B594 /* SceneDelegate.swift */,
				59FA40CF287FEC8F0010B594 /* ContentView.swift */,
				59FA40D1287FEC930010B594 /* Assets.xcassets */,
				59FA40D6287FEC930010B594 /* LaunchScreen.storyboard */,
				59FA40D9287FEC940010B594 /* Info.plist */,
				59FA40D3287FEC930010B594 /* Preview Content */,
			);
			path = "Choose the flag game (Ian Solomein's Practice 2)";
			sourceTree = "<group>";
		};
		59FA40D3287FEC930010B594 /* Preview Content */ = {
			isa = PBXGroup;
			children = (
				59FA40D4287FEC930010B594 /* Preview Assets.xcassets */,
			);
			path = "Preview Content";
			sourceTree = "<group>";
		};
/* End PBXGroup section */

/* Begin PBXNativeTarget section */
		59FA40C7287FEC8F0010B594 /* Choose the flag game (Ian Solomein's Practice 2) */ = {
			isa = PBXNativeTarget;
			buildConfigurationList = 59FA40DC287FEC940010B594 /* Build configuration list for PBXNativeTarget "Choose the flag game (Ian Solomein's Practice 2)" */;
			buildPhases = (
				59FA40C4287FEC8F0010B594 /* Sources */,
				59FA40C5287FEC8F0010B594 /* Frameworks */,
				59FA40C6287FEC8F0010B594 /* Resources */,
			);
			buildRules = (
			);
			dependencies = (
			);
			name = "Choose the flag game (Ian Solomein's Practice 2)";
			productName = "Choose the flag game (Ian Solomein's Practice 2)";
			productReference = 59FA40C8287FEC8F0010B594 /* Choose the flag game (Ian Solomein's Practice 2).app */;
			productType = "com.apple.product-type.application";
		};
/* End PBXNativeTarget section */

/* Begin PBXProject section */
		59FA40C0287FEC8F0010B594 /* Project object */ = {
			isa = PBXProject;
			attributes = {
				LastSwiftUpdateCheck = 1130;
				LastUpgradeCheck = 1130;
				ORGANIZATIONNAME = "Пользователь";
				TargetAttributes = {
					59FA40C7287FEC8F0010B594 = {
						CreatedOnToolsVersion = 11.3.1;
					};
				};
			};
			buildConfigurationList = 59FA40C3287FEC8F0010B594 /* Build configuration list for PBXProject "Choose the flag game (Ian Solomein's Practice 2)" */;
			compatibilityVersion = "Xcode 9.3";
			developmentRegion = en;
			hasScannedForEncodings = 0;
			knownRegions = (
				en,
				Base,
			);
			mainGroup = 59FA40BF287FEC8F0010B594;
			productRefGroup = 59FA40C9287FEC8F0010B594 /* Products */;
			projectDirPath = "";
			projectRoot = "";
			targets = (
				59FA40C7287FEC8F0010B594 /* Choose the flag game (Ian Solomein's Practice 2) */,
			);
		};
/* End PBXProject section */

/* Begin PBXResourcesBuildPhase section */
		59FA40C6287FEC8F0010B594 /* Resources */ = {
			isa = PBXResourcesBuildPhase;
			buildActionMask = 2147483647;
			files = (
				59FA40D8287FEC930010B594 /* LaunchScreen.storyboard in Resources */,
				59FA40D5287FEC930010B594 /* Preview Assets.xcassets in Resources */,
				59FA40D2287FEC930010B594 /* Assets.xcassets in Resources */,
			);
			runOnlyForDeploymentPostprocessing = 0;
		};
/* End PBXResourcesBuildPhase section */

/* Begin PBXSourcesBuildPhase section */
		59FA40C4287FEC8F0010B594 /* Sources */ = {
			isa = PBXSourcesBuildPhase;
			buildActionMask = 2147483647;
			files = (
				59FA40CC287FEC8F0010B594 /* AppDelegate.swift in Sources */,
				59FA40CE287FEC8F0010B594 /* SceneDelegate.swift in Sources */,
				59FA40D0287FEC8F0010B594 /* ContentView.swift in Sources */,
			);
			runOnlyForDeploymentPostprocessing = 0;
		};
/* End PBXSourcesBuildPhase section */

/* Begin PBXVariantGroup section */
		59FA40D6287FEC930010B594 /* LaunchScreen.storyboard */ = {
			isa = PBXVariantGroup;
			children = (
				59FA40D7287FEC930010B594 /* Base */,
			);
			name = LaunchScreen.storyboard;
			sourceTree = "<group>";
		};
/* End PBXVariantGroup section */

/* Begin XCBuildConfiguration section */
		59FA40DA287FEC940010B594 /* Debug */ = {
			isa = XCBuildConfiguration;
			buildSettings = {
				ALWAYS_SEARCH_USER_PATHS = NO;
				CLANG_ANALYZER_NONNULL = YES;
				CLANG_ANALYZER_NUMBER_OBJECT_CONVERSION = YES_AGGRESSIVE;
				CLANG_CXX_LANGUAGE_STANDARD = "gnu++14";
				CLANG_CXX_LIBRARY = "libc++";
				CLANG_ENABLE_MODULES = YES;
				CLANG_ENABLE_OBJC_ARC = YES;
				CLANG_ENABLE_OBJC_WEAK = YES;
				CLANG_WARN_BLOCK_CAPTURE_AUTORELEASING = YES;
				CLANG_WARN_BOOL_CONVERSION = YES;
				CLANG_WARN_COMMA = YES;
				CLANG_WARN_CONSTANT_CONVERSION = YES;
				CLANG_WARN_DEPRECATED_OBJC_IMPLEMENTATIONS = YES;
				CLANG_WARN_DIRECT_OBJC_ISA_USAGE = YES_ERROR;
				CLANG_WARN_DOCUMENTATION_COMMENTS = YES;
				CLANG_WARN_EMPTY_BODY = YES;
				CLANG_WARN_ENUM_CONVERSION = YES;
				CLANG_WARN_INFINITE_RECURSION = YES;
				CLANG_WARN_INT_CONVERSION = YES;
				CLANG_WARN_NON_LITERAL_NULL_CONVERSION = YES;
				CLANG_WARN_OBJC_IMPLICIT_RETAIN_SELF = YES;
				CLANG_WARN_OBJC_LITERAL_CONVERSION = YES;
				CLANG_WARN_OBJC_ROOT_CLASS = YES_ERROR;
				CLANG_WARN_RANGE_LOOP_ANALYSIS = YES;
				CLANG_WARN_STRICT_PROTOTYPES = YES;
				CLANG_WARN_SUSPICIOUS_MOVE = YES;
				CLANG_WARN_UNGUARDED_AVAILABILITY = YES_AGGRESSIVE;
				CLANG_WARN_UNREACHABLE_CODE = YES;
				CLANG_WARN__DUPLICATE_METHOD_MATCH = YES;
				COPY_PHASE_STRIP = NO;
				DEBUG_INFORMATION_FORMAT = dwarf;
				ENABLE_STRICT_OBJC_MSGSEND = YES;
				ENABLE_TESTABILITY = YES;
				GCC_C_LANGUAGE_STANDARD = gnu11;
				GCC_DYNAMIC_NO_PIC = NO;
				GCC_NO_COMMON_BLOCKS = YES;
				GCC_OPTIMIZATION_LEVEL = 0;
				GCC_PREPROCESSOR_DEFINITIONS = (
					"DEBUG=1",
					"$(inherited)",
				);
				GCC_WARN_64_TO_32_BIT_CONVERSION = YES;
				GCC_WARN_ABOUT_RETURN_TYPE = YES_ERROR;
				GCC_WARN_UNDECLARED_SELECTOR = YES;
				GCC_WARN_UNINITIALIZED_AUTOS = YES_AGGRESSIVE;
				GCC_WARN_UNUSED_FUNCTION = YES;
				GCC_WARN_UNUSED_VARIABLE = YES;
				IPHONEOS_DEPLOYMENT_TARGET = 13.2;
				MTL_ENABLE_DEBUG_INFO = INCLUDE_SOURCE;
				MTL_FAST_MATH = YES;
				ONLY_ACTIVE_ARCH = YES;
				SDKROOT = iphoneos;
				SWIFT_ACTIVE_COMPILATION_CONDITIONS = DEBUG;
				SWIFT_OPTIMIZATION_LEVEL = "-Onone";
			};
			name = Debug;
		};
		59FA40DB287FEC940010B594 /* Release */ = {
			isa = XCBuildConfiguration;
			buildSettings = {
				ALWAYS_SEARCH_USER_PATHS = NO;
				CLANG_ANALYZER_NONNULL = YES;
				CLANG_ANALYZER_NUMBER_OBJECT_CONVERSION = YES_AGGRESSIVE;
				CLANG_CXX_LANGUAGE_STANDARD = "gnu++14";
				CLANG_CXX_LIBRARY = "libc++";
				CLANG_ENABLE_MODULES = YES;
				CLANG_ENABLE_OBJC_ARC = YES;
				CLANG_ENABLE_OBJC_WEAK = YES;
				CLANG_WARN_BLOCK_CAPTURE_AUTORELEASING = YES;
				CLANG_WARN_BOOL_CONVERSION = YES;
				CLANG_WARN_COMMA = YES;
				CLANG_WARN_CONSTANT_CONVERSION = YES;
				CLANG_WARN_DEPRECATED_OBJC_IMPLEMENTATIONS = YES;
				CLANG_WARN_DIRECT_OBJC_ISA_USAGE = YES_ERROR;
				CLANG_WARN_DOCUMENTATION_COMMENTS = YES;
				CLANG_WARN_EMPTY_BODY = YES;
				CLANG_WARN_ENUM_CONVERSION = YES;
				CLANG_WARN_INFINITE_RECURSION = YES;
				CLANG_WARN_INT_CONVERSION = YES;
				CLANG_WARN_NON_LITERAL_NULL_CONVERSION = YES;
				CLANG_WARN_OBJC_IMPLICIT_RETAIN_SELF = YES;
				CLANG_WARN_OBJC_LITERAL_CONVERSION = YES;
				CLANG_WARN_OBJC_ROOT_CLASS = YES_ERROR;
				CLANG_WARN_RANGE_LOOP_ANALYSIS = YES;
				CLANG_WARN_STRICT_PROTOTYPES = YES;
				CLANG_WARN_SUSPICIOUS_MOVE = YES;
				CLANG_WARN_UNGUARDED_AVAILABILITY = YES_AGGRESSIVE;
				CLANG_WARN_UNREACHABLE_CODE = YES;
				CLANG_WARN__DUPLICATE_METHOD_MATCH = YES;
				COPY_PHASE_STRIP = NO;
				DEBUG_INFORMATION_FORMAT = "dwarf-with-dsym";
				ENABLE_NS_ASSERTIONS = NO;
				ENABLE_STRICT_OBJC_MSGSEND = YES;
				GCC_C_LANGUAGE_STANDARD = gnu11;
				GCC_NO_COMMON_BLOCKS = YES;
				GCC_WARN_64_TO_32_BIT_CONVERSION = YES;
				GCC_WARN_ABOUT_RETURN_TYPE = YES_ERROR;
				GCC_WARN_UNDECLARED_SELECTOR = YES;
				GCC_WARN_UNINITIALIZED_AUTOS = YES_AGGRESSIVE;
				GCC_WARN_UNUSED_FUNCTION = YES;
				GCC_WARN_UNUSED_VARIABLE = YES;
				IPHONEOS_DEPLOYMENT_TARGET = 13.2;
				MTL_ENABLE_DEBUG_INFO = NO;
				MTL_FAST_MATH = YES;
				SDKROOT = iphoneos;
				SWIFT_COMPILATION_MODE = wholemodule;
				SWIFT_OPTIMIZATION_LEVEL = "-O";
				VALIDATE_PRODUCT = YES;
			};
			name = Release;
		};
		59FA40DD287FEC940010B594 /* Debug */ = {
			isa = XCBuildConfiguration;
			buildSettings = {
				ASSETCATALOG_COMPILER_APPICON_NAME = AppIcon;
				CODE_SIGN_STYLE = Automatic;
				DEVELOPMENT_ASSET_PATHS = "\"Choose the flag game (Ian Solomein's Practice 2)/Preview Content\"";
				DEVELOPMENT_TEAM = J5RS3T7663;
				ENABLE_PREVIEWS = YES;
				INFOPLIST_FILE = "Choose the flag game (Ian Solomein's Practice 2)/Info.plist";
				LD_RUNPATH_SEARCH_PATHS = (
					"$(inherited)",
					"@executable_path/Frameworks",
				);
				PRODUCT_BUNDLE_IDENTIFIER = "me.iurii.kurinnoi.Choose-the-flag-game--Ian-Solomein-s-Practice-2-";
				PRODUCT_NAME = "$(TARGET_NAME)";
				SWIFT_VERSION = 5.0;
				TARGETED_DEVICE_FAMILY = "1,2";
			};
			name = Debug;
		};
		59FA40DE287FEC940010B594 /* Release */ = {
			isa = XCBuildConfiguration;
			buildSettings = {
				ASSETCATALOG_COMPILER_APPICON_NAME = AppIcon;
				CODE_SIGN_STYLE = Automatic;
				DEVELOPMENT_ASSET_PATHS = "\"Choose the flag game (Ian Solomein's Practice 2)/Preview Content\"";
				DEVELOPMENT_TEAM = J5RS3T7663;
				ENABLE_PREVIEWS = YES;
				INFOPLIST_FILE = "Choose the flag game (Ian Solomein's Practice 2)/Info.plist";
				LD_RUNPATH_SEARCH_PATHS = (
					"$(inherited)",
					"@executable_path/Frameworks",
				);
				PRODUCT_BUNDLE_IDENTIFIER = "me.iurii.kurinnoi.Choose-the-flag-game--Ian-Solomein-s-Practice-2-";
				PRODUCT_NAME = "$(TARGET_NAME)";
				SWIFT_VERSION = 5.0;
				TARGETED_DEVICE_FAMILY = "1,2";
			};
			name = Release;
		};
/* End XCBuildConfiguration section */

/* Begin XCConfigurationList section */
		59FA40C3287FEC8F0010B594 /* Build configuration list for PBXProject "Choose the flag game (Ian Solomein's Practice 2)" */ = {
			isa = XCConfigurationList;
			buildConfigurations = (
				59FA40DA287FEC940010B594 /* Debug */,
				59FA40DB287FEC940010B594 /* Release */,
			);
			defaultConfigurationIsVisible = 0;
			defaultConfigurationName = Release;
		};
		59FA40DC287FEC940010B594 /* Build configuration list for PBXNativeTarget "Choose the flag game (Ian Solomein's Practice 2)" */ = {
			isa = XCConfigurationList;
			buildConfigurations = (
				59FA40DD287FEC940010B594 /* Debug */,
				59FA40DE287FEC940010B594 /* Release */,
			);
			defaultConfigurationIsVisible = 0;
			defaultConfigurationName = Release;
		};
/* End XCConfigurationList section */
	};
	rootObject = 59FA40C0287FEC8F0010B594 /* Project object */;
}
